// !$*UTF8*$!
{
	archiveVersion = 1;
	classes = {
	};
	objectVersion = 50;
	objects = {

/* Begin PBXBuildFile section */
		337F98BE2336B5B30008E4FD /* AppDelegate.swift in Sources */ = {isa = PBXBuildFile; fileRef = 337F98BD2336B5B30008E4FD /* AppDelegate.swift */; };
		337F98C02336B5B30008E4FD /* ViewController.swift in Sources */ = {isa = PBXBuildFile; fileRef = 337F98BF2336B5B30008E4FD /* ViewController.swift */; };
		337F98C32336B5B30008E4FD /* Main.storyboard in Resources */ = {isa = PBXBuildFile; fileRef = 337F98C12336B5B30008E4FD /* Main.storyboard */; };
		337F98C52336B5B30008E4FD /* Assets.xcassets in Resources */ = {isa = PBXBuildFile; fileRef = 337F98C42336B5B30008E4FD /* Assets.xcassets */; };
		337F98C82336B5B30008E4FD /* LaunchScreen.storyboard in Resources */ = {isa = PBXBuildFile; fileRef = 337F98C62336B5B30008E4FD /* LaunchScreen.storyboard */; };
		337F98D32336B5B30008E4FD /* ConversionCalculatorAppTests.swift in Sources */ = {isa = PBXBuildFile; fileRef = 337F98D22336B5B30008E4FD /* ConversionCalculatorAppTests.swift */; };
		337F98DE2336B5B30008E4FD /* ConversionCalculatorAppUITests.swift in Sources */ = {isa = PBXBuildFile; fileRef = 337F98DD2336B5B30008E4FD /* ConversionCalculatorAppUITests.swift */; };
		337F98EC2336CF950008E4FD /* DecimalMinusTextField.swift in Sources */ = {isa = PBXBuildFile; fileRef = 337F98EB2336CF950008E4FD /* DecimalMinusTextField.swift */; };
		337F98EE2336D7D90008E4FD /* SettingsViewController.swift in Sources */ = {isa = PBXBuildFile; fileRef = 337F98ED2336D7D90008E4FD /* SettingsViewController.swift */; };
/* End PBXBuildFile section */

/* Begin PBXContainerItemProxy section */
		337F98CF2336B5B30008E4FD /* PBXContainerItemProxy */ = {
			isa = PBXContainerItemProxy;
			containerPortal = 337F98B22336B5B30008E4FD /* Project object */;
			proxyType = 1;
			remoteGlobalIDString = 337F98B92336B5B30008E4FD;
			remoteInfo = ConversionCalculatorApp;
		};
		337F98DA2336B5B30008E4FD /* PBXContainerItemProxy */ = {
			isa = PBXContainerItemProxy;
			containerPortal = 337F98B22336B5B30008E4FD /* Project object */;
			proxyType = 1;
			remoteGlobalIDString = 337F98B92336B5B30008E4FD;
			remoteInfo = ConversionCalculatorApp;
		};
/* End PBXContainerItemProxy section */

/* Begin PBXFileReference section */
		337F98BA2336B5B30008E4FD /* ConversionCalculatorApp.app */ = {isa = PBXFileReference; explicitFileType = wrapper.application; includeInIndex = 0; path = ConversionCalculatorApp.app; sourceTree = BUILT_PRODUCTS_DIR; };
		337F98BD2336B5B30008E4FD /* AppDelegate.swift */ = {isa = PBXFileReference; lastKnownFileType = sourcecode.swift; path = AppDelegate.swift; sourceTree = "<group>"; };
		337F98BF2336B5B30008E4FD /* ViewController.swift */ = {isa = PBXFileReference; lastKnownFileType = sourcecode.swift; path = ViewController.swift; sourceTree = "<group>"; };
		337F98C22336B5B30008E4FD /* Base */ = {isa = PBXFileReference; lastKnownFileType = file.storyboard; name = Base; path = Base.lproj/Main.storyboard; sourceTree = "<group>"; };
		337F98C42336B5B30008E4FD /* Assets.xcassets */ = {isa = PBXFileReference; lastKnownFileType = folder.assetcatalog; path = Assets.xcassets; sourceTree = "<group>"; };
		337F98C72336B5B30008E4FD /* Base */ = {isa = PBXFileReference; lastKnownFileType = file.storyboard; name = Base; path = Base.lproj/LaunchScreen.storyboard; sourceTree = "<group>"; };
		337F98C92336B5B30008E4FD /* Info.plist */ = {isa = PBXFileReference; lastKnownFileType = text.plist.xml; path = Info.plist; sourceTree = "<group>"; };
		337F98CE2336B5B30008E4FD /* ConversionCalculatorAppTests.xctest */ = {isa = PBXFileReference; explicitFileType = wrapper.cfbundle; includeInIndex = 0; path = ConversionCalculatorAppTests.xctest; sourceTree = BUILT_PRODUCTS_DIR; };
		337F98D22336B5B30008E4FD /* ConversionCalculatorAppTests.swift */ = {isa = PBXFileReference; lastKnownFileType = sourcecode.swift; path = ConversionCalculatorAppTests.swift; sourceTree = "<group>"; };
		337F98D42336B5B30008E4FD /* Info.plist */ = {isa = PBXFileReference; lastKnownFileType = text.plist.xml; path = Info.plist; sourceTree = "<group>"; };
		337F98D92336B5B30008E4FD /* ConversionCalculatorAppUITests.xctest */ = {isa = PBXFileReference; explicitFileType = wrapper.cfbundle; includeInIndex = 0; path = ConversionCalculatorAppUITests.xctest; sourceTree = BUILT_PRODUCTS_DIR; };
		337F98DD2336B5B30008E4FD /* ConversionCalculatorAppUITests.swift */ = {isa = PBXFileReference; lastKnownFileType = sourcecode.swift; path = ConversionCalculatorAppUITests.swift; sourceTree = "<group>"; };
		337F98DF2336B5B30008E4FD /* Info.plist */ = {isa = PBXFileReference; lastKnownFileType = text.plist.xml; path = Info.plist; sourceTree = "<group>"; };
		337F98EB2336CF950008E4FD /* DecimalMinusTextField.swift */ = {isa = PBXFileReference; fileEncoding = 4; lastKnownFileType = sourcecode.swift; name = DecimalMinusTextField.swift; path = "../../../../Users/xcodeuser/Downloads/DecimalMinusTextField-master/DecimalMinusTextField.swift"; sourceTree = "<group>"; };
		337F98ED2336D7D90008E4FD /* SettingsViewController.swift */ = {isa = PBXFileReference; lastKnownFileType = sourcecode.swift; path = SettingsViewController.swift; sourceTree = "<group>"; };
/* End PBXFileReference section */

/* Begin PBXFrameworksBuildPhase section */
		337F98B72336B5B30008E4FD /* Frameworks */ = {
			isa = PBXFrameworksBuildPhase;
			buildActionMask = 2147483647;
			files = (
			);
			runOnlyForDeploymentPostprocessing = 0;
		};
		337F98CB2336B5B30008E4FD /* Frameworks */ = {
			isa = PBXFrameworksBuildPhase;
			buildActionMask = 2147483647;
			files = (
			);
			runOnlyForDeploymentPostprocessing = 0;
		};
		337F98D62336B5B30008E4FD /* Frameworks */ = {
			isa = PBXFrameworksBuildPhase;
			buildActionMask = 2147483647;
			files = (
			);
			runOnlyForDeploymentPostprocessing = 0;
		};
/* End PBXFrameworksBuildPhase section */

/* Begin PBXGroup section */
		337F98B12336B5B30008E4FD = {
			isa = PBXGroup;
			children = (
				337F98BC2336B5B30008E4FD /* ConversionCalculatorApp */,
				337F98D12336B5B30008E4FD /* ConversionCalculatorAppTests */,
				337F98DC2336B5B30008E4FD /* ConversionCalculatorAppUITests */,
				337F98BB2336B5B30008E4FD /* Products */,
			);
			sourceTree = "<group>";
		};
		337F98BB2336B5B30008E4FD /* Products */ = {
			isa = PBXGroup;
			children = (
				337F98BA2336B5B30008E4FD /* ConversionCalculatorApp.app */,
				337F98CE2336B5B30008E4FD /* ConversionCalculatorAppTests.xctest */,
				337F98D92336B5B30008E4FD /* ConversionCalculatorAppUITests.xctest */,
			);
			name = Products;
			sourceTree = "<group>";
		};
		337F98BC2336B5B30008E4FD /* ConversionCalculatorApp */ = {
			isa = PBXGroup;
			children = (
				337F98BD2336B5B30008E4FD /* AppDelegate.swift */,
				337F98BF2336B5B30008E4FD /* ViewController.swift */,
				337F98C12336B5B30008E4FD /* Main.storyboard */,
				337F98ED2336D7D90008E4FD /* SettingsViewController.swift */,
				337F98EB2336CF950008E4FD /* DecimalMinusTextField.swift */,
				337F98C42336B5B30008E4FD /* Assets.xcassets */,
				337F98C62336B5B30008E4FD /* LaunchScreen.storyboard */,
				337F98C92336B5B30008E4FD /* Info.plist */,
			);
			path = ConversionCalculatorApp;
			sourceTree = "<group>";
		};
		337F98D12336B5B30008E4FD /* ConversionCalculatorAppTests */ = {
			isa = PBXGroup;
			children = (
				337F98D22336B5B30008E4FD /* ConversionCalculatorAppTests.swift */,
				337F98D42336B5B30008E4FD /* Info.plist */,
			);
			path = ConversionCalculatorAppTests;
			sourceTree = "<group>";
		};
		337F98DC2336B5B30008E4FD /* ConversionCalculatorAppUITests */ = {
			isa = PBXGroup;
			children = (
				337F98DD2336B5B30008E4FD /* ConversionCalculatorAppUITests.swift */,
				337F98DF2336B5B30008E4FD /* Info.plist */,
			);
			path = ConversionCalculatorAppUITests;
			sourceTree = "<group>";
		};
/* End PBXGroup section */

/* Begin PBXNativeTarget section */
		337F98B92336B5B30008E4FD /* ConversionCalculatorApp */ = {
			isa = PBXNativeTarget;
			buildConfigurationList = 337F98E22336B5B30008E4FD /* Build configuration list for PBXNativeTarget "ConversionCalculatorApp" */;
			buildPhases = (
				337F98B62336B5B30008E4FD /* Sources */,
				337F98B72336B5B30008E4FD /* Frameworks */,
				337F98B82336B5B30008E4FD /* Resources */,
			);
			buildRules = (
			);
			dependencies = (
			);
			name = ConversionCalculatorApp;
			productName = ConversionCalculatorApp;
			productReference = 337F98BA2336B5B30008E4FD /* ConversionCalculatorApp.app */;
			productType = "com.apple.product-type.application";
		};
		337F98CD2336B5B30008E4FD /* ConversionCalculatorAppTests */ = {
			isa = PBXNativeTarget;
			buildConfigurationList = 337F98E52336B5B30008E4FD /* Build configuration list for PBXNativeTarget "ConversionCalculatorAppTests" */;
			buildPhases = (
				337F98CA2336B5B30008E4FD /* Sources */,
				337F98CB2336B5B30008E4FD /* Frameworks */,
				337F98CC2336B5B30008E4FD /* Resources */,
			);
			buildRules = (
			);
			dependencies = (
				337F98D02336B5B30008E4FD /* PBXTargetDependency */,
			);
			name = ConversionCalculatorAppTests;
			productName = ConversionCalculatorAppTests;
			productReference = 337F98CE2336B5B30008E4FD /* ConversionCalculatorAppTests.xctest */;
			productType = "com.apple.product-type.bundle.unit-test";
		};
		337F98D82336B5B30008E4FD /* ConversionCalculatorAppUITests */ = {
			isa = PBXNativeTarget;
			buildConfigurationList = 337F98E82336B5B30008E4FD /* Build configuration list for PBXNativeTarget "ConversionCalculatorAppUITests" */;
			buildPhases = (
				337F98D52336B5B30008E4FD /* Sources */,
				337F98D62336B5B30008E4FD /* Frameworks */,
				337F98D72336B5B30008E4FD /* Resources */,
			);
			buildRules = (
			);
			dependencies = (
				337F98DB2336B5B30008E4FD /* PBXTargetDependency */,
			);
			name = ConversionCalculatorAppUITests;
			productName = ConversionCalculatorAppUITests;
			productReference = 337F98D92336B5B30008E4FD /* ConversionCalculatorAppUITests.xctest */;
			productType = "com.apple.product-type.bundle.ui-testing";
		};
/* End PBXNativeTarget section */

/* Begin PBXProject section */
		337F98B22336B5B30008E4FD /* Project object */ = {
			isa = PBXProject;
			attributes = {
				LastSwiftUpdateCheck = 1030;
				LastUpgradeCheck = 1030;
				ORGANIZATIONNAME = DavidAndHildebrand;
				TargetAttributes = {
					337F98B92336B5B30008E4FD = {
						CreatedOnToolsVersion = 10.3;
					};
					337F98CD2336B5B30008E4FD = {
						CreatedOnToolsVersion = 10.3;
						TestTargetID = 337F98B92336B5B30008E4FD;
					};
					337F98D82336B5B30008E4FD = {
						CreatedOnToolsVersion = 10.3;
						TestTargetID = 337F98B92336B5B30008E4FD;
					};
				};
			};
			buildConfigurationList = 337F98B52336B5B30008E4FD /* Build configuration list for PBXProject "ConversionCalculatorApp" */;
			compatibilityVersion = "Xcode 9.3";
			developmentRegion = en;
			hasScannedForEncodings = 0;
			knownRegions = (
				en,
				Base,
			);
			mainGroup = 337F98B12336B5B30008E4FD;
			productRefGroup = 337F98BB2336B5B30008E4FD /* Products */;
			projectDirPath = "";
			projectRoot = "";
			targets = (
				337F98B92336B5B30008E4FD /* ConversionCalculatorApp */,
				337F98CD2336B5B30008E4FD /* ConversionCalculatorAppTests */,
				337F98D82336B5B30008E4FD /* ConversionCalculatorAppUITests */,
			);
		};
/* End PBXProject section */

/* Begin PBXResourcesBuildPhase section */
		337F98B82336B5B30008E4FD /* Resources */ = {
			isa = PBXResourcesBuildPhase;
			buildActionMask = 2147483647;
			files = (
				337F98C82336B5B30008E4FD /* LaunchScreen.storyboard in Resources */,
				337F98C52336B5B30008E4FD /* Assets.xcassets in Resources */,
				337F98C32336B5B30008E4FD /* Main.storyboard in Resources */,
			);
			runOnlyForDeploymentPostprocessing = 0;
		};
		337F98CC2336B5B30008E4FD /* Resources */ = {
			isa = PBXResourcesBuildPhase;
			buildActionMask = 2147483647;
			files = (
			);
			runOnlyForDeploymentPostprocessing = 0;
		};
		337F98D72336B5B30008E4FD /* Resources */ = {
			isa = PBXResourcesBuildPhase;
			buildActionMask = 2147483647;
			files = (
			);
			runOnlyForDeploymentPostprocessing = 0;
		};
/* End PBXResourcesBuildPhase section */

/* Begin PBXSourcesBuildPhase section */
		337F98B62336B5B30008E4FD /* Sources */ = {
			isa = PBXSourcesBuildPhase;
			buildActionMask = 2147483647;
			files = (
				337F98EC2336CF950008E4FD /* DecimalMinusTextField.swift in Sources */,
				337F98C02336B5B30008E4FD /* ViewController.swift in Sources */,
				337F98BE2336B5B30008E4FD /* AppDelegate.swift in Sources */,
				337F98EE2336D7D90008E4FD /* SettingsViewController.swift in Sources */,
			);
			runOnlyForDeploymentPostprocessing = 0;
		};
		337F98CA2336B5B30008E4FD /* Sources */ = {
			isa = PBXSourcesBuildPhase;
			buildActionMask = 2147483647;
			files = (
				337F98D32336B5B30008E4FD /* ConversionCalculatorAppTests.swift in Sources */,
			);
			runOnlyForDeploymentPostprocessing = 0;
		};
		337F98D52336B5B30008E4FD /* Sources */ = {
			isa = PBXSourcesBuildPhase;
			buildActionMask = 2147483647;
			files = (
				337F98DE2336B5B30008E4FD /* ConversionCalculatorAppUITests.swift in Sources */,
			);
			runOnlyForDeploymentPostprocessing = 0;
		};
/* End PBXSourcesBuildPhase section */

/* Begin PBXTargetDependency section */
		337F98D02336B5B30008E4FD /* PBXTargetDependency */ = {
			isa = PBXTargetDependency;
			target = 337F98B92336B5B30008E4FD /* ConversionCalculatorApp */;
			targetProxy = 337F98CF2336B5B30008E4FD /* PBXContainerItemProxy */;
		};
		337F98DB2336B5B30008E4FD /* PBXTargetDependency */ = {
			isa = PBXTargetDependency;
			target = 337F98B92336B5B30008E4FD /* ConversionCalculatorApp */;
			targetProxy = 337F98DA2336B5B30008E4FD /* PBXContainerItemProxy */;
		};
/* End PBXTargetDependency section */

/* Begin PBXVariantGroup section */
		337F98C12336B5B30008E4FD /* Main.storyboard */ = {
			isa = PBXVariantGroup;
			children = (
				337F98C22336B5B30008E4FD /* Base */,
			);
			name = Main.storyboard;
			sourceTree = "<group>";
		};
		337F98C62336B5B30008E4FD /* LaunchScreen.storyboard */ = {
			isa = PBXVariantGroup;
			children = (
				337F98C72336B5B30008E4FD /* Base */,
			);
			name = LaunchScreen.storyboard;
			sourceTree = "<group>";
		};
/* End PBXVariantGroup section */

/* Begin XCBuildConfiguration section */
		337F98E02336B5B30008E4FD /* Debug */ = {
			isa = XCBuildConfiguration;
			buildSettings = {
				ALWAYS_SEARCH_USER_PATHS = NO;
				CLANG_ANALYZER_NONNULL = YES;
				CLANG_ANALYZER_NUMBER_OBJECT_CONVERSION = YES_AGGRESSIVE;
				CLANG_CXX_LANGUAGE_STANDARD = "gnu++14";
				CLANG_CXX_LIBRARY = "libc++";
				CLANG_ENABLE_MODULES = YES;
				CLANG_ENABLE_OBJC_ARC = YES;
				CLANG_ENABLE_OBJC_WEAK = YES;
				CLANG_WARN_BLOCK_CAPTURE_AUTORELEASING = YES;
				CLANG_WARN_BOOL_CONVERSION = YES;
				CLANG_WARN_COMMA = YES;
				CLANG_WARN_CONSTANT_CONVERSION = YES;
				CLANG_WARN_DEPRECATED_OBJC_IMPLEMENTATIONS = YES;
				CLANG_WARN_DIRECT_OBJC_ISA_USAGE = YES_ERROR;
				CLANG_WARN_DOCUMENTATION_COMMENTS = YES;
				CLANG_WARN_EMPTY_BODY = YES;
				CLANG_WARN_ENUM_CONVERSION = YES;
				CLANG_WARN_INFINITE_RECURSION = YES;
				CLANG_WARN_INT_CONVERSION = YES;
				CLANG_WARN_NON_LITERAL_NULL_CONVERSION = YES;
				CLANG_WARN_OBJC_IMPLICIT_RETAIN_SELF = YES;
				CLANG_WARN_OBJC_LITERAL_CONVERSION = YES;
				CLANG_WARN_OBJC_ROOT_CLASS = YES_ERROR;
				CLANG_WARN_RANGE_LOOP_ANALYSIS = YES;
				CLANG_WARN_STRICT_PROTOTYPES = YES;
				CLANG_WARN_SUSPICIOUS_MOVE = YES;
				CLANG_WARN_UNGUARDED_AVAILABILITY = YES_AGGRESSIVE;
				CLANG_WARN_UNREACHABLE_CODE = YES;
				CLANG_WARN__DUPLICATE_METHOD_MATCH = YES;
				CODE_SIGN_IDENTITY = "iPhone Developer";
				COPY_PHASE_STRIP = NO;
				DEBUG_INFORMATION_FORMAT = dwarf;
				ENABLE_STRICT_OBJC_MSGSEND = YES;
				ENABLE_TESTABILITY = YES;
				GCC_C_LANGUAGE_STANDARD = gnu11;
				GCC_DYNAMIC_NO_PIC = NO;
				GCC_NO_COMMON_BLOCKS = YES;
				GCC_OPTIMIZATION_LEVEL = 0;
				GCC_PREPROCESSOR_DEFINITIONS = (
					"DEBUG=1",
					"$(inherited)",
				);
				GCC_WARN_64_TO_32_BIT_CONVERSION = YES;
				GCC_WARN_ABOUT_RETURN_TYPE = YES_ERROR;
				GCC_WARN_UNDECLARED_SELECTOR = YES;
				GCC_WARN_UNINITIALIZED_AUTOS = YES_AGGRESSIVE;
				GCC_WARN_UNUSED_FUNCTION = YES;
				GCC_WARN_UNUSED_VARIABLE = YES;
				IPHONEOS_DEPLOYMENT_TARGET = 12.4;
				MTL_ENABLE_DEBUG_INFO = INCLUDE_SOURCE;
				MTL_FAST_MATH = YES;
				ONLY_ACTIVE_ARCH = YES;
				SDKROOT = iphoneos;
				SWIFT_ACTIVE_COMPILATION_CONDITIONS = DEBUG;
				SWIFT_OPTIMIZATION_LEVEL = "-Onone";
			};
			name = Debug;
		};
		337F98E12336B5B30008E4FD /* Release */ = {
			isa = XCBuildConfiguration;
			buildSettings = {
				ALWAYS_SEARCH_USER_PATHS = NO;
				CLANG_ANALYZER_NONNULL = YES;
				CLANG_ANALYZER_NUMBER_OBJECT_CONVERSION = YES_AGGRESSIVE;
				CLANG_CXX_LANGUAGE_STANDARD = "gnu++14";
				CLANG_CXX_LIBRARY = "libc++";
				CLANG_ENABLE_MODULES = YES;
				CLANG_ENABLE_OBJC_ARC = YES;
				CLANG_ENABLE_OBJC_WEAK = YES;
				CLANG_WARN_BLOCK_CAPTURE_AUTORELEASING = YES;
				CLANG_WARN_BOOL_CONVERSION = YES;
				CLANG_WARN_COMMA = YES;
				CLANG_WARN_CONSTANT_CONVERSION = YES;
				CLANG_WARN_DEPRECATED_OBJC_IMPLEMENTATIONS = YES;
				CLANG_WARN_DIRECT_OBJC_ISA_USAGE = YES_ERROR;
				CLANG_WARN_DOCUMENTATION_COMMENTS = YES;
				CLANG_WARN_EMPTY_BODY = YES;
				CLANG_WARN_ENUM_CONVERSION = YES;
				CLANG_WARN_INFINITE_RECURSION = YES;
				CLANG_WARN_INT_CONVERSION = YES;
				CLANG_WARN_NON_LITERAL_NULL_CONVERSION = YES;
				CLANG_WARN_OBJC_IMPLICIT_RETAIN_SELF = YES;
				CLANG_WARN_OBJC_LITERAL_CONVERSION = YES;
				CLANG_WARN_OBJC_ROOT_CLASS = YES_ERROR;
				CLANG_WARN_RANGE_LOOP_ANALYSIS = YES;
				CLANG_WARN_STRICT_PROTOTYPES = YES;
				CLANG_WARN_SUSPICIOUS_MOVE = YES;
				CLANG_WARN_UNGUARDED_AVAILABILITY = YES_AGGRESSIVE;
				CLANG_WARN_UNREACHABLE_CODE = YES;
				CLANG_WARN__DUPLICATE_METHOD_MATCH = YES;
				CODE_SIGN_IDENTITY = "iPhone Developer";
				COPY_PHASE_STRIP = NO;
				DEBUG_INFORMATION_FORMAT = "dwarf-with-dsym";
				ENABLE_NS_ASSERTIONS = NO;
				ENABLE_STRICT_OBJC_MSGSEND = YES;
				GCC_C_LANGUAGE_STANDARD = gnu11;
				GCC_NO_COMMON_BLOCKS = YES;
				GCC_WARN_64_TO_32_BIT_CONVERSION = YES;
				GCC_WARN_ABOUT_RETURN_TYPE = YES_ERROR;
				GCC_WARN_UNDECLARED_SELECTOR = YES;
				GCC_WARN_UNINITIALIZED_AUTOS = YES_AGGRESSIVE;
				GCC_WARN_UNUSED_FUNCTION = YES;
				GCC_WARN_UNUSED_VARIABLE = YES;
				IPHONEOS_DEPLOYMENT_TARGET = 12.4;
				MTL_ENABLE_DEBUG_INFO = NO;
				MTL_FAST_MATH = YES;
				SDKROOT = iphoneos;
				SWIFT_COMPILATION_MODE = wholemodule;
				SWIFT_OPTIMIZATION_LEVEL = "-O";
				VALIDATE_PRODUCT = YES;
			};
			name = Release;
		};
		337F98E32336B5B30008E4FD /* Debug */ = {
			isa = XCBuildConfiguration;
			buildSettings = {
				ASSETCATALOG_COMPILER_APPICON_NAME = AppIcon;
				CODE_SIGN_STYLE = Automatic;
				INFOPLIST_FILE = ConversionCalculatorApp/Info.plist;
				LD_RUNPATH_SEARCH_PATHS = (
					"$(inherited)",
					"@executable_path/Frameworks",
				);
				PRODUCT_BUNDLE_IDENTIFIER = edu.gvsu.www.ConversionCalculatorApp;
				PRODUCT_NAME = "$(TARGET_NAME)";
				SWIFT_VERSION = 5.0;
				TARGETED_DEVICE_FAMILY = "1,2";
			};
			name = Debug;
		};
		337F98E42336B5B30008E4FD /* Release */ = {
			isa = XCBuildConfiguration;
			buildSettings = {
				ASSETCATALOG_COMPILER_APPICON_NAME = AppIcon;
				CODE_SIGN_STYLE = Automatic;
				INFOPLIST_FILE = ConversionCalculatorApp/Info.plist;
				LD_RUNPATH_SEARCH_PATHS = (
					"$(inherited)",
					"@executable_path/Frameworks",
				);
				PRODUCT_BUNDLE_IDENTIFIER = edu.gvsu.www.ConversionCalculatorApp;
				PRODUCT_NAME = "$(TARGET_NAME)";
				SWIFT_VERSION = 5.0;
				TARGETED_DEVICE_FAMILY = "1,2";
			};
			name = Release;
		};
		337F98E62336B5B30008E4FD /* Debug */ = {
			isa = XCBuildConfiguration;
			buildSettings = {
				ALWAYS_EMBED_SWIFT_STANDARD_LIBRARIES = YES;
				BUNDLE_LOADER = "$(TEST_HOST)";
				CODE_SIGN_STYLE = Automatic;
				INFOPLIST_FILE = ConversionCalculatorAppTests/Info.plist;
				LD_RUNPATH_SEARCH_PATHS = (
					"$(inherited)",
					"@executable_path/Frameworks",
					"@loader_path/Frameworks",
				);
				PRODUCT_BUNDLE_IDENTIFIER = edu.gvsu.www.ConversionCalculatorAppTests;
				PRODUCT_NAME = "$(TARGET_NAME)";
				SWIFT_VERSION = 5.0;
				TARGETED_DEVICE_FAMILY = "1,2";
				TEST_HOST = "$(BUILT_PRODUCTS_DIR)/ConversionCalculatorApp.app/ConversionCalculatorApp";
			};
			name = Debug;
		};
		337F98E72336B5B30008E4FD /* Release */ = {
			isa = XCBuildConfiguration;
			buildSettings = {
				ALWAYS_EMBED_SWIFT_STANDARD_LIBRARIES = YES;
				BUNDLE_LOADER = "$(TEST_HOST)";
				CODE_SIGN_STYLE = Automatic;
				INFOPLIST_FILE = ConversionCalculatorAppTests/Info.plist;
				LD_RUNPATH_SEARCH_PATHS = (
					"$(inherited)",
					"@executable_path/Frameworks",
					"@loader_path/Frameworks",
				);
				PRODUCT_BUNDLE_IDENTIFIER = edu.gvsu.www.ConversionCalculatorAppTests;
				PRODUCT_NAME = "$(TARGET_NAME)";
				SWIFT_VERSION = 5.0;
				TARGETED_DEVICE_FAMILY = "1,2";
				TEST_HOST = "$(BUILT_PRODUCTS_DIR)/ConversionCalculatorApp.app/ConversionCalculatorApp";
			};
			name = Release;
		};
		337F98E92336B5B30008E4FD /* Debug */ = {
			isa = XCBuildConfiguration;
			buildSettings = {
				ALWAYS_EMBED_SWIFT_STANDARD_LIBRARIES = YES;
				CODE_SIGN_STYLE = Automatic;
				INFOPLIST_FILE = ConversionCalculatorAppUITests/Info.plist;
				LD_RUNPATH_SEARCH_PATHS = (
					"$(inherited)",
					"@executable_path/Frameworks",
					"@loader_path/Frameworks",
				);
				PRODUCT_BUNDLE_IDENTIFIER = edu.gvsu.www.ConversionCalculatorAppUITests;
				PRODUCT_NAME = "$(TARGET_NAME)";
				SWIFT_VERSION = 5.0;
				TARGETED_DEVICE_FAMILY = "1,2";
				TEST_TARGET_NAME = ConversionCalculatorApp;
			};
			name = Debug;
		};
		337F98EA2336B5B30008E4FD /* Release */ = {
			isa = XCBuildConfiguration;
			buildSettings = {
				ALWAYS_EMBED_SWIFT_STANDARD_LIBRARIES = YES;
				CODE_SIGN_STYLE = Automatic;
				INFOPLIST_FILE = ConversionCalculatorAppUITests/Info.plist;
				LD_RUNPATH_SEARCH_PATHS = (
					"$(inherited)",
					"@executable_path/Frameworks",
					"@loader_path/Frameworks",
				);
				PRODUCT_BUNDLE_IDENTIFIER = edu.gvsu.www.ConversionCalculatorAppUITests;
				PRODUCT_NAME = "$(TARGET_NAME)";
				SWIFT_VERSION = 5.0;
				TARGETED_DEVICE_FAMILY = "1,2";
				TEST_TARGET_NAME = ConversionCalculatorApp;
			};
			name = Release;
		};
/* End XCBuildConfiguration section */

/* Begin XCConfigurationList section */
		337F98B52336B5B30008E4FD /* Build configuration list for PBXProject "ConversionCalculatorApp" */ = {
			isa = XCConfigurationList;
			buildConfigurations = (
				337F98E02336B5B30008E4FD /* Debug */,
				337F98E12336B5B30008E4FD /* Release */,
			);
			defaultConfigurationIsVisible = 0;
			defaultConfigurationName = Release;
		};
		337F98E22336B5B30008E4FD /* Build configuration list for PBXNativeTarget "ConversionCalculatorApp" */ = {
			isa = XCConfigurationList;
			buildConfigurations = (
				337F98E32336B5B30008E4FD /* Debug */,
				337F98E42336B5B30008E4FD /* Release */,
			);
			defaultConfigurationIsVisible = 0;
			defaultConfigurationName = Release;
		};
		337F98E52336B5B30008E4FD /* Build configuration list for PBXNativeTarget "ConversionCalculatorAppTests" */ = {
			isa = XCConfigurationList;
			buildConfigurations = (
				337F98E62336B5B30008E4FD /* Debug */,
				337F98E72336B5B30008E4FD /* Release */,
			);
			defaultConfigurationIsVisible = 0;
			defaultConfigurationName = Release;
		};
		337F98E82336B5B30008E4FD /* Build configuration list for PBXNativeTarget "ConversionCalculatorAppUITests" */ = {
			isa = XCConfigurationList;
			buildConfigurations = (
				337F98E92336B5B30008E4FD /* Debug */,
				337F98EA2336B5B30008E4FD /* Release */,
			);
			defaultConfigurationIsVisible = 0;
			defaultConfigurationName = Release;
		};
/* End XCConfigurationList section */
	};
	rootObject = 337F98B22336B5B30008E4FD /* Project object */;
}
